
Microsoft Visual Studio Solution File, Format Version 12.00
# Visual Studio Version 16
VisualStudioVersion = 16.0.30611.23
MinimumVisualStudioVersion = 10.0.40219.1
Project("{9A19103F-16F7-4668-BE54-9A1E7A4F7556}") = "GYSerial", "GYSerial\GYSerial.csproj", "{8945CB2F-5673-4E42-B0A5-D85DFC764A45}"
EndProject
Project("{9A19103F-16F7-4668-BE54-9A1E7A4F7556}") = "SerialHelper", "SerialHelper\SerialHelper.csproj", "{3D73EB09-52B2-4DF9-B307-60E944F99297}"
EndProject
Project("{FAE04EC0-301F-11D3-BF4B-00C04F79EFBC}") = "SerialHelperTests", "SerialHelperTests\SerialHelperTests.csproj", "{3FA7A19D-9E6A-4840-8FE4-574B18107588}"
EndProject
Global
	GlobalSection(SolutionConfigurationPlatforms) = preSolution
		Debug|Any CPU = Debug|Any CPU
		Release|Any CPU = Release|Any CPU
	EndGlobalSection
	GlobalSection(ProjectConfigurationPlatforms) = postSolution
		{8945CB2F-5673-4E42-B0A5-D85DFC764A45}.Debug|Any CPU.ActiveCfg = Debug|Any CPU
		{8945CB2F-5673-4E42-B0A5-D85DFC764A45}.Debug|Any CPU.Build.0 = Debug|Any CPU
		{8945CB2F-5673-4E42-B0A5-D85DFC764A45}.Release|Any CPU.ActiveCfg = Release|Any CPU
		{8945CB2F-5673-4E42-B0A5-D85DFC764A45}.Release|Any CPU.Build.0 = Release|Any CPU
		{3D73EB09-52B2-4DF9-B307-60E944F99297}.Debug|Any CPU.ActiveCfg = Debug|Any CPU
		{3D73EB09-52B2-4DF9-B307-60E944F99297}.Debug|Any CPU.Build.0 = Debug|Any CPU
		{3D73EB09-52B2-4DF9-B307-60E944F99297}.Release|Any CPU.ActiveCfg = Release|Any CPU
		{3D73EB09-52B2-4DF9-B307-60E944F99297}.Release|Any CPU.Build.0 = Release|Any CPU
		{3FA7A19D-9E6A-4840-8FE4-574B18107588}.Debug|Any CPU.ActiveCfg = Debug|Any CPU
		{3FA7A19D-9E6A-4840-8FE4-574B18107588}.Debug|Any CPU.Build.0 = Debug|Any CPU
		{3FA7A19D-9E6A-4840-8FE4-574B18107588}.Release|Any CPU.ActiveCfg = Release|Any CPU
		{3FA7A19D-9E6A-4840-8FE4-574B18107588}.Release|Any CPU.Build.0 = Release|Any CPU
	EndGlobalSection
	GlobalSection(SolutionProperties) = preSolution
		HideSolutionNode = FALSE
	EndGlobalSection
	GlobalSection(ExtensibilityGlobals) = postSolution
		SolutionGuid = {89862AB5-D96F-4824-BDAD-BD939C69C02C}
	EndGlobalSection
EndGlobal
